Microsoft Visual Studio Solution File, Format Version 11.00
# Visual Studio 2008

Project("{CFAD0A74-19F4-4EA0-C64D-B24197ABBF70}") = "Blink", "Assembly-CSharp-firstpass.csproj", "{242D6633-98EE-A634-A4B5-C81B605F299D}"
EndProject
Project("{CFAD0A74-19F4-4EA0-C64D-B24197ABBF70}") = "Blink", "Assembly-CSharp.csproj", "{09923BEF-8EF1-C67E-DFAF-7C945B47C331}"
EndProject
Project("{CFAD0A74-19F4-4EA0-C64D-B24197ABBF70}") = "Blink", "Assembly-CSharp-Editor.csproj", "{05B48DEC-40F1-78FD-4FD3-0B0828610E74}"
EndProject
Global
	GlobalSection(SolutionConfigurationPlatforms) = preSolution
		Debug|Any CPU = Debug|Any CPU
		Release|Any CPU = Release|Any CPU
	EndGlobalSection
	GlobalSection(ProjectConfigurationPlatforms) = postSolution
		{242D6633-98EE-A634-A4B5-C81B605F299D}.Debug|Any CPU.ActiveCfg = Debug|Any CPU
		{242D6633-98EE-A634-A4B5-C81B605F299D}.Debug|Any CPU.Build.0 = Debug|Any CPU
		{242D6633-98EE-A634-A4B5-C81B605F299D}.Release|Any CPU.ActiveCfg = Release|Any CPU
		{242D6633-98EE-A634-A4B5-C81B605F299D}.Release|Any CPU.Build.0 = Release|Any CPU
		{09923BEF-8EF1-C67E-DFAF-7C945B47C331}.Debug|Any CPU.ActiveCfg = Debug|Any CPU
		{09923BEF-8EF1-C67E-DFAF-7C945B47C331}.Debug|Any CPU.Build.0 = Debug|Any CPU
		{09923BEF-8EF1-C67E-DFAF-7C945B47C331}.Release|Any CPU.ActiveCfg = Release|Any CPU
		{09923BEF-8EF1-C67E-DFAF-7C945B47C331}.Release|Any CPU.Build.0 = Release|Any CPU
		{05B48DEC-40F1-78FD-4FD3-0B0828610E74}.Debug|Any CPU.ActiveCfg = Debug|Any CPU
		{05B48DEC-40F1-78FD-4FD3-0B0828610E74}.Debug|Any CPU.Build.0 = Debug|Any CPU
		{05B48DEC-40F1-78FD-4FD3-0B0828610E74}.Release|Any CPU.ActiveCfg = Release|Any CPU
		{05B48DEC-40F1-78FD-4FD3-0B0828610E74}.Release|Any CPU.Build.0 = Release|Any CPU
	EndGlobalSection
	GlobalSection(SolutionProperties) = preSolution
		HideSolutionNode = FALSE
	EndGlobalSection
		GlobalSection(MonoDevelopProperties) = preSolution
		StartupItem = Assembly-CSharp.csproj
		Policies = $0
		$0.TextStylePolicy = $1
		$1.inheritsSet = null
		$1.scope = text/x-csharp
		$0.CSharpFormattingPolicy = $2
		$2.inheritsSet = Mono
		$2.inheritsScope = text/x-csharp
		$2.scope = text/x-csharp
		$0.TextStylePolicy = $3
		$3.FileWidth = 120
		$3.TabWidth = 4
		$3.IndentWidth = 4
		$3.EolMarker = Unix
		$3.inheritsSet = Mono
		$3.inheritsScope = text/plain
		$3.scope = text/plain
	EndGlobalSection

EndGlobal
